
Microsoft Visual Studio Solution File, Format Version 12.00
# Visual Studio 15
VisualStudioVersion = 15.0.28307.1831
MinimumVisualStudioVersion = 10.0.40219.1
Project("{FAE04EC0-301F-11D3-BF4B-00C04F79EFBC}") = "BugSolve", "BugSolve\BugSolve.csproj", "{C2A80352-B29C-458C-80EC-AE656074A327}"
EndProject
Global
	GlobalSection(SolutionConfigurationPlatforms) = preSolution
		Debug|Any CPU = Debug|Any CPU
		Release|Any CPU = Release|Any CPU
	EndGlobalSection
	GlobalSection(ProjectConfigurationPlatforms) = postSolution
		{C2A80352-B29C-458C-80EC-AE656074A327}.Debug|Any CPU.ActiveCfg = Debug|Any CPU
		{C2A80352-B29C-458C-80EC-AE656074A327}.Debug|Any CPU.Build.0 = Debug|Any CPU
		{C2A80352-B29C-458C-80EC-AE656074A327}.Release|Any CPU.ActiveCfg = Release|Any CPU
		{C2A80352-B29C-458C-80EC-AE656074A327}.Release|Any CPU.Build.0 = Release|Any CPU
	EndGlobalSection
	GlobalSection(SolutionProperties) = preSolution
		HideSolutionNode = FALSE
	EndGlobalSection
	GlobalSection(ExtensibilityGlobals) = postSolution
		SolutionGuid = {4A19E18B-F135-4C2D-8769-B194CFB4C4FC}
	EndGlobalSection
EndGlobal
